Microsoft Visual Studio Solution File, Format Version 12.00
# Visual Studio Version 17
VisualStudioVersion = 17.13.35919.96
MinimumVisualStudioVersion = 10.0.40219.1
Project("{FAE04EC0-301F-11D3-BF4B-00C04F79EFBC}") = "ResponseCompression.WebApi", "ResponseCompression.WebApi\ResponseCompression.WebApi.csproj", "{922A137A-CF90-4B39-92F7-3F9BF7AC8846}"
EndProject
Global
	GlobalSection(SolutionConfigurationPlatforms) = preSolution
		Debug|Any CPU = Debug|Any CPU
		Release|Any CPU = Release|Any CPU
	EndGlobalSection
	GlobalSection(ProjectConfigurationPlatforms) = postSolution
		{922A137A-CF90-4B39-92F7-3F9BF7AC8846}.Debug|Any CPU.ActiveCfg = Debug|Any CPU
		{922A137A-CF90-4B39-92F7-3F9BF7AC8846}.Debug|Any CPU.Build.0 = Debug|Any CPU
		{922A137A-CF90-4B39-92F7-3F9BF7AC8846}.Release|Any CPU.ActiveCfg = Release|Any CPU
		{922A137A-CF90-4B39-92F7-3F9BF7AC8846}.Release|Any CPU.Build.0 = Release|Any CPU
	EndGlobalSection
	GlobalSection(SolutionProperties) = preSolution
		HideSolutionNode = FALSE
	EndGlobalSection
	GlobalSection(ExtensibilityGlobals) = postSolution
		SolutionGuid = {4C7D7954-CDFD-42CA-A119-70771A02DB3F}
	EndGlobalSection
EndGlobal
